
Microsoft Visual Studio Solution File, Format Version 12.00
# Visual Studio 2012
Project("{FAE04EC0-301F-11D3-BF4B-00C04F79EFBC}") = "EarthdawnEncounterManager.Web", "EarthdawnEncounterManager\EarthdawnEncounterManager.Web.csproj", "{3D87BA6D-A292-40EE-8DC7-7E362EFD830D}"
EndProject
Project("{FAE04EC0-301F-11D3-BF4B-00C04F79EFBC}") = "EarthdawnEncounterManager.Data", "EarthdawnEncounterManager.Data\EarthdawnEncounterManager.Data.csproj", "{479628F3-05FB-4E2B-BDBA-D7A8741C6AD5}"
EndProject
Global
	GlobalSection(SolutionConfigurationPlatforms) = preSolution
		Debug|Any CPU = Debug|Any CPU
		Release|Any CPU = Release|Any CPU
	EndGlobalSection
	GlobalSection(ProjectConfigurationPlatforms) = postSolution
		{3D87BA6D-A292-40EE-8DC7-7E362EFD830D}.Debug|Any CPU.ActiveCfg = Debug|Any CPU
		{3D87BA6D-A292-40EE-8DC7-7E362EFD830D}.Debug|Any CPU.Build.0 = Debug|Any CPU
		{3D87BA6D-A292-40EE-8DC7-7E362EFD830D}.Release|Any CPU.ActiveCfg = Release|Any CPU
		{3D87BA6D-A292-40EE-8DC7-7E362EFD830D}.Release|Any CPU.Build.0 = Release|Any CPU
		{479628F3-05FB-4E2B-BDBA-D7A8741C6AD5}.Debug|Any CPU.ActiveCfg = Debug|Any CPU
		{479628F3-05FB-4E2B-BDBA-D7A8741C6AD5}.Debug|Any CPU.Build.0 = Debug|Any CPU
		{479628F3-05FB-4E2B-BDBA-D7A8741C6AD5}.Release|Any CPU.ActiveCfg = Release|Any CPU
		{479628F3-05FB-4E2B-BDBA-D7A8741C6AD5}.Release|Any CPU.Build.0 = Release|Any CPU
	EndGlobalSection
	GlobalSection(SolutionProperties) = preSolution
		HideSolutionNode = FALSE
	EndGlobalSection
EndGlobal
